{
  "originHash" : "caafcdeaf19dd3d5bbdf6d310454184ace43f6bcc8c9f1872a6e7b91bc5c98de",
  "pins" : [
    {
      "identity" : "swift-syntax",
      "kind" : "remoteSourceControl",
      "location" : "https://github.com/apple/swift-syntax",
      "state" : {
        "revision" : "0687f71944021d616d34d922343dcef086855920",
        "version" : "600.0.1"
      }
    }
  ],
  "version" : 3
}
